PODS:
  - Alamofire (5.4.3)
  - Kingfisher (5.15.8):
    - Kingfisher/Core (= 5.15.8)
  - Kingfisher/Core (5.15.8)
  - Nimble (9.2.0)
  - Quick (4.0.0)
  - RxCocoa (6.2.0):
    - RxRelay (= 6.2.0)
    - RxSwift (= 6.2.0)
  - RxRelay (6.2.0):
    - RxSwift (= 6.2.0)
  - RxSwift (6.2.0)
  - Swifter (1.4.7)
  - SwiftLint (0.43.1)
  - Swinject (2.7.1)

DEPENDENCIES:
  - Alamofire (= 5.4.3)
  - Kingfisher (~> 5.0)
  - Nimble
  - Quick
  - RxCocoa
  - RxSwift
  - Swifter (~> 1.4.7)
  - SwiftLint (~> 0.33)
  - Swinject

SPEC REPOS:
  trunk:
    - Alamofire
    - Kingfisher
    - Nimble
    - Quick
    - RxCocoa
    - RxRelay
    - RxSwift
    - Swifter
    - SwiftLint
    - Swinject

SPEC CHECKSUMS:
  Alamofire: e447a2774a40c996748296fa2c55112fdbbc42f9
  Kingfisher: a3c03d702433fa6cfedabb2bddbe076fb8f2e902
  Nimble: 4f4a345c80b503b3ea13606a4f98405974ee4d0b
  Quick: 6473349e43b9271a8d43839d9ba1c442ed1b7ac4
  RxCocoa: 4baf94bb35f2c0ab31bc0cb9f1900155f646ba42
  RxRelay: e72dbfd157807478401ef1982e1c61c945c94b2f
  RxSwift: d356ab7bee873611322f134c5f9ef379fa183d8f
  Swifter: 2327ef5d872c638aebab79646ce494af508b0c8f
  SwiftLint: 99f82d07b837b942dd563c668de129a03fc3fb52
  Swinject: ddf78b8486dd9b71a667b852cad919ab4484478e

PODFILE CHECKSUM: 6af30969e55b5d4fe253266e194aea2e07b9f800

COCOAPODS: 1.10.1
