PODS:
  - Alamofire (4.8.2)
  - RxCocoa (5.0.0):
    - RxRelay (~> 5)
    - RxSwift (~> 5)
  - RxRelay (5.0.0):
    - RxSwift (~> 5)
  - RxSwift (5.0.0)
  - SwiftLint (0.35.0)

DEPENDENCIES:
  - Alamofire (= 4.8.2)
  - RxCocoa
  - RxSwift
  - SwiftLint (~> 0.33)

SPEC REPOS:
  https://github.com/CocoaPods/Specs.git:
    - SwiftLint
  trunk:
    - Alamofire
    - RxCocoa
    - RxRelay
    - RxSwift

SPEC CHECKSUMS:
  Alamofire: ae5c501addb7afdbb13687d7f2f722c78734c2d3
  RxCocoa: fcf32050ac00d801f34a7f71d5e8e7f23026dcd8
  RxRelay: 4f7409406a51a55cd88483f21ed898c234d60f18
  RxSwift: 8b0671caa829a763bbce7271095859121cbd895f
  SwiftLint: 5553187048b900c91aa03552807681bb6b027846

PODFILE CHECKSUM: 72f8af0aae10a1e02b27462f6396aaf293d31b0f

COCOAPODS: 1.8.1
