PODS:
  - Alamofire (4.8.2)
  - Kingfisher (5.8.3):
    - Kingfisher/Core (= 5.8.3)
  - Kingfisher/Core (5.8.3)
  - Nimble (8.0.4)
  - Quick (2.2.0)
  - RxCocoa (5.0.0):
    - RxRelay (~> 5)
    - RxSwift (~> 5)
  - RxRelay (5.0.0):
    - RxSwift (~> 5)
  - RxSwift (5.0.0)
  - Swifter (1.4.7)
  - SwiftLint (0.35.0)
  - Swinject (2.7.1)

DEPENDENCIES:
  - Alamofire (= 4.8.2)
  - Kingfisher (~> 5.0)
  - Nimble
  - Quick
  - RxCocoa
  - RxSwift
  - Swifter (~> 1.4.7)
  - SwiftLint (~> 0.33)
  - Swinject

SPEC REPOS:
  https://github.com/CocoaPods/Specs.git:
    - SwiftLint
  trunk:
    - Alamofire
    - Kingfisher
    - Nimble
    - Quick
    - RxCocoa
    - RxRelay
    - RxSwift
    - Swifter
    - Swinject

SPEC CHECKSUMS:
  Alamofire: ae5c501addb7afdbb13687d7f2f722c78734c2d3
  Kingfisher: b7e4cb65ff24c264bd2a1284b75b974d907afd94
  Nimble: 18d5360282923225d62b09d781f63abc1a0111fc
  Quick: 7fb19e13be07b5dfb3b90d4f9824c855a11af40e
  RxCocoa: fcf32050ac00d801f34a7f71d5e8e7f23026dcd8
  RxRelay: 4f7409406a51a55cd88483f21ed898c234d60f18
  RxSwift: 8b0671caa829a763bbce7271095859121cbd895f
  Swifter: 2327ef5d872c638aebab79646ce494af508b0c8f
  SwiftLint: 5553187048b900c91aa03552807681bb6b027846
  Swinject: ddf78b8486dd9b71a667b852cad919ab4484478e

PODFILE CHECKSUM: 5f2fed63d142c5cfcea7b7f975b34283f7425d88

COCOAPODS: 1.9.0
